
Microsoft Visual Studio Solution File, Format Version 12.00
# Visual Studio 2013
Project("{FAE04EC0-301F-11D3-BF4B-00C04F79EFBC}") = "HeroGame.CSharp", "HeroGame.CSharp.csproj", "{701CE7FE-A084-A5D1-00FA-33494DDDFA92}"
EndProject
Project("{FAE04EC0-301F-11D3-BF4B-00C04F79EFBC}") = "HeroGame.CSharp.Editor", "HeroGame.CSharp.Editor.csproj", "{3A4AC23B-3777-5873-237D-BCE957075711}"
EndProject
Global
	GlobalSection(SolutionConfigurationPlatforms) = preSolution
		Debug|Any CPU = Debug|Any CPU
		Release|Any CPU = Release|Any CPU
	EndGlobalSection
	GlobalSection(ProjectConfigurationPlatforms) = postSolution
		{701CE7FE-A084-A5D1-00FA-33494DDDFA92}.Debug|Any CPU.ActiveCfg = Debug|Any CPU
		{701CE7FE-A084-A5D1-00FA-33494DDDFA92}.Debug|Any CPU.Build.0 = Debug|Any CPU
		{701CE7FE-A084-A5D1-00FA-33494DDDFA92}.Release|Any CPU.ActiveCfg = Release|Any CPU
		{701CE7FE-A084-A5D1-00FA-33494DDDFA92}.Release|Any CPU.Build.0 = Release|Any CPU
		{3A4AC23B-3777-5873-237D-BCE957075711}.Debug|Any CPU.ActiveCfg = Debug|Any CPU
		{3A4AC23B-3777-5873-237D-BCE957075711}.Debug|Any CPU.Build.0 = Debug|Any CPU
		{3A4AC23B-3777-5873-237D-BCE957075711}.Release|Any CPU.ActiveCfg = Release|Any CPU
		{3A4AC23B-3777-5873-237D-BCE957075711}.Release|Any CPU.Build.0 = Release|Any CPU
	EndGlobalSection
	GlobalSection(SolutionProperties) = preSolution
		HideSolutionNode = FALSE
	EndGlobalSection
EndGlobal
